// !$*UTF8*$!
{
	archiveVersion = 1;
	classes = {
	};
	objectVersion = 56;
	objects = {

/* Begin PBXBuildFile section */
		E315C84B29D10A5A00F091BA /* AppDelegate.swift in Sources */ = {isa = PBXBuildFile; fileRef = E315C84A29D10A5A00F091BA /* AppDelegate.swift */; };
		E315C84D29D10A5A00F091BA /* SceneDelegate.swift in Sources */ = {isa = PBXBuildFile; fileRef = E315C84C29D10A5A00F091BA /* SceneDelegate.swift */; };
		E315C84F29D10A5A00F091BA /* RecognitionViewController.swift in Sources */ = {isa = PBXBuildFile; fileRef = E315C84E29D10A5A00F091BA /* RecognitionViewController.swift */; };
		E315C85229D10A5A00F091BA /* Main.storyboard in Resources */ = {isa = PBXBuildFile; fileRef = E315C85029D10A5A00F091BA /* Main.storyboard */; };
		E315C85529D10A5A00F091BA /* MAPD724_W2023_ICE8.xcdatamodeld in Sources */ = {isa = PBXBuildFile; fileRef = E315C85329D10A5A00F091BA /* MAPD724_W2023_ICE8.xcdatamodeld */; };
		E315C85729D10A5B00F091BA /* Assets.xcassets in Resources */ = {isa = PBXBuildFile; fileRef = E315C85629D10A5B00F091BA /* Assets.xcassets */; };
		E315C85A29D10A5B00F091BA /* LaunchScreen.storyboard in Resources */ = {isa = PBXBuildFile; fileRef = E315C85829D10A5B00F091BA /* LaunchScreen.storyboard */; };
		E315C86229D1128600F091BA /* MobileNetV2.mlmodel in Sources */ = {isa = PBXBuildFile; fileRef = E315C86129D1128600F091BA /* MobileNetV2.mlmodel */; };
		E315C86429D1129300F091BA /* SqueezeNet.mlmodel in Sources */ = {isa = PBXBuildFile; fileRef = E315C86329D1129200F091BA /* SqueezeNet.mlmodel */; };
		E315C86929D112C100F091BA /* bird.jpeg in Resources */ = {isa = PBXBuildFile; fileRef = E315C86529D112C100F091BA /* bird.jpeg */; };
		E315C86A29D112C100F091BA /* car.jpeg in Resources */ = {isa = PBXBuildFile; fileRef = E315C86629D112C100F091BA /* car.jpeg */; };
		E315C86B29D112C100F091BA /* dog.jpeg in Resources */ = {isa = PBXBuildFile; fileRef = E315C86729D112C100F091BA /* dog.jpeg */; };
		E315C86C29D112C100F091BA /* kitten.png in Resources */ = {isa = PBXBuildFile; fileRef = E315C86829D112C100F091BA /* kitten.png */; };
/* End PBXBuildFile section */

/* Begin PBXFileReference section */
		E315C84729D10A5A00F091BA /* MAPD724-W2023-ICE8.app */ = {isa = PBXFileReference; explicitFileType = wrapper.application; includeInIndex = 0; path = "MAPD724-W2023-ICE8.app"; sourceTree = BUILT_PRODUCTS_DIR; };
		E315C84A29D10A5A00F091BA /* AppDelegate.swift */ = {isa = PBXFileReference; lastKnownFileType = sourcecode.swift; path = AppDelegate.swift; sourceTree = "<group>"; };
		E315C84C29D10A5A00F091BA /* SceneDelegate.swift */ = {isa = PBXFileReference; lastKnownFileType = sourcecode.swift; path = SceneDelegate.swift; sourceTree = "<group>"; };
		E315C84E29D10A5A00F091BA /* RecognitionViewController.swift */ = {isa = PBXFileReference; lastKnownFileType = sourcecode.swift; path = RecognitionViewController.swift; sourceTree = "<group>"; };
		E315C85129D10A5A00F091BA /* Base */ = {isa = PBXFileReference; lastKnownFileType = file.storyboard; name = Base; path = Base.lproj/Main.storyboard; sourceTree = "<group>"; };
		E315C85429D10A5A00F091BA /* MAPD724_W2023_ICE8.xcdatamodel */ = {isa = PBXFileReference; lastKnownFileType = wrapper.xcdatamodel; path = MAPD724_W2023_ICE8.xcdatamodel; sourceTree = "<group>"; };
		E315C85629D10A5B00F091BA /* Assets.xcassets */ = {isa = PBXFileReference; lastKnownFileType = folder.assetcatalog; path = Assets.xcassets; sourceTree = "<group>"; };
		E315C85929D10A5B00F091BA /* Base */ = {isa = PBXFileReference; lastKnownFileType = file.storyboard; name = Base; path = Base.lproj/LaunchScreen.storyboard; sourceTree = "<group>"; };
		E315C85B29D10A5B00F091BA /* Info.plist */ = {isa = PBXFileReference; lastKnownFileType = text.plist.xml; path = Info.plist; sourceTree = "<group>"; };
		E315C86129D1128600F091BA /* MobileNetV2.mlmodel */ = {isa = PBXFileReference; lastKnownFileType = file.mlmodel; path = MobileNetV2.mlmodel; sourceTree = "<group>"; };
		E315C86329D1129200F091BA /* SqueezeNet.mlmodel */ = {isa = PBXFileReference; lastKnownFileType = file.mlmodel; path = SqueezeNet.mlmodel; sourceTree = "<group>"; };
		E315C86529D112C100F091BA /* bird.jpeg */ = {isa = PBXFileReference; lastKnownFileType = image.jpeg; path = bird.jpeg; sourceTree = "<group>"; };
		E315C86629D112C100F091BA /* car.jpeg */ = {isa = PBXFileReference; lastKnownFileType = image.jpeg; path = car.jpeg; sourceTree = "<group>"; };
		E315C86729D112C100F091BA /* dog.jpeg */ = {isa = PBXFileReference; lastKnownFileType = image.jpeg; path = dog.jpeg; sourceTree = "<group>"; };
		E315C86829D112C100F091BA /* kitten.png */ = {isa = PBXFileReference; lastKnownFileType = image.png; path = kitten.png; sourceTree = "<group>"; };
/* End PBXFileReference section */

/* Begin PBXFrameworksBuildPhase section */
		E315C84429D10A5A00F091BA /* Frameworks */ = {
			isa = PBXFrameworksBuildPhase;
			buildActionMask = 2147483647;
			files = (
			);
			runOnlyForDeploymentPostprocessing = 0;
		};
/* End PBXFrameworksBuildPhase section */

/* Begin PBXGroup section */
		E315C83E29D10A5A00F091BA = {
			isa = PBXGroup;
			children = (
				E315C84929D10A5A00F091BA /* MAPD724-W2023-ICE8 */,
				E315C84829D10A5A00F091BA /* Products */,
			);
			sourceTree = "<group>";
		};
		E315C84829D10A5A00F091BA /* Products */ = {
			isa = PBXGroup;
			children = (
				E315C84729D10A5A00F091BA /* MAPD724-W2023-ICE8.app */,
			);
			name = Products;
			sourceTree = "<group>";
		};
		E315C84929D10A5A00F091BA /* MAPD724-W2023-ICE8 */ = {
			isa = PBXGroup;
			children = (
				E315C84A29D10A5A00F091BA /* AppDelegate.swift */,
				E315C84C29D10A5A00F091BA /* SceneDelegate.swift */,
				E315C84E29D10A5A00F091BA /* RecognitionViewController.swift */,
				E315C86129D1128600F091BA /* MobileNetV2.mlmodel */,
				E315C86329D1129200F091BA /* SqueezeNet.mlmodel */,
				E315C85029D10A5A00F091BA /* Main.storyboard */,
				E315C86529D112C100F091BA /* bird.jpeg */,
				E315C86629D112C100F091BA /* car.jpeg */,
				E315C86729D112C100F091BA /* dog.jpeg */,
				E315C86829D112C100F091BA /* kitten.png */,
				E315C85629D10A5B00F091BA /* Assets.xcassets */,
				E315C85829D10A5B00F091BA /* LaunchScreen.storyboard */,
				E315C85B29D10A5B00F091BA /* Info.plist */,
				E315C85329D10A5A00F091BA /* MAPD724_W2023_ICE8.xcdatamodeld */,
			);
			path = "MAPD724-W2023-ICE8";
			sourceTree = "<group>";
		};
/* End PBXGroup section */

/* Begin PBXNativeTarget section */
		E315C84629D10A5A00F091BA /* MAPD724-W2023-ICE8 */ = {
			isa = PBXNativeTarget;
			buildConfigurationList = E315C85E29D10A5B00F091BA /* Build configuration list for PBXNativeTarget "MAPD724-W2023-ICE8" */;
			buildPhases = (
				E315C84329D10A5A00F091BA /* Sources */,
				E315C84429D10A5A00F091BA /* Frameworks */,
				E315C84529D10A5A00F091BA /* Resources */,
			);
			buildRules = (
			);
			dependencies = (
			);
			name = "MAPD724-W2023-ICE8";
			productName = "MAPD724-W2023-ICE8";
			productReference = E315C84729D10A5A00F091BA /* MAPD724-W2023-ICE8.app */;
			productType = "com.apple.product-type.application";
		};
/* End PBXNativeTarget section */

/* Begin PBXProject section */
		E315C83F29D10A5A00F091BA /* Project object */ = {
			isa = PBXProject;
			attributes = {
				BuildIndependentTargetsInParallel = 1;
				LastSwiftUpdateCheck = 1420;
				LastUpgradeCheck = 1420;
				TargetAttributes = {
					E315C84629D10A5A00F091BA = {
						CreatedOnToolsVersion = 14.2;
					};
				};
			};
			buildConfigurationList = E315C84229D10A5A00F091BA /* Build configuration list for PBXProject "MAPD724-W2023-ICE8" */;
			compatibilityVersion = "Xcode 14.0";
			developmentRegion = en;
			hasScannedForEncodings = 0;
			knownRegions = (
				en,
				Base,
			);
			mainGroup = E315C83E29D10A5A00F091BA;
			productRefGroup = E315C84829D10A5A00F091BA /* Products */;
			projectDirPath = "";
			projectRoot = "";
			targets = (
				E315C84629D10A5A00F091BA /* MAPD724-W2023-ICE8 */,
			);
		};
/* End PBXProject section */

/* Begin PBXResourcesBuildPhase section */
		E315C84529D10A5A00F091BA /* Resources */ = {
			isa = PBXResourcesBuildPhase;
			buildActionMask = 2147483647;
			files = (
				E315C86A29D112C100F091BA /* car.jpeg in Resources */,
				E315C86C29D112C100F091BA /* kitten.png in Resources */,
				E315C85A29D10A5B00F091BA /* LaunchScreen.storyboard in Resources */,
				E315C86B29D112C100F091BA /* dog.jpeg in Resources */,
				E315C85729D10A5B00F091BA /* Assets.xcassets in Resources */,
				E315C86929D112C100F091BA /* bird.jpeg in Resources */,
				E315C85229D10A5A00F091BA /* Main.storyboard in Resources */,
			);
			runOnlyForDeploymentPostprocessing = 0;
		};
/* End PBXResourcesBuildPhase section */

/* Begin PBXSourcesBuildPhase section */
		E315C84329D10A5A00F091BA /* Sources */ = {
			isa = PBXSourcesBuildPhase;
			buildActionMask = 2147483647;
			files = (
				E315C84F29D10A5A00F091BA /* RecognitionViewController.swift in Sources */,
				E315C86429D1129300F091BA /* SqueezeNet.mlmodel in Sources */,
				E315C84B29D10A5A00F091BA /* AppDelegate.swift in Sources */,
				E315C84D29D10A5A00F091BA /* SceneDelegate.swift in Sources */,
				E315C86229D1128600F091BA /* MobileNetV2.mlmodel in Sources */,
				E315C85529D10A5A00F091BA /* MAPD724_W2023_ICE8.xcdatamodeld in Sources */,
			);
			runOnlyForDeploymentPostprocessing = 0;
		};
/* End PBXSourcesBuildPhase section */

/* Begin PBXVariantGroup section */
		E315C85029D10A5A00F091BA /* Main.storyboard */ = {
			isa = PBXVariantGroup;
			children = (
				E315C85129D10A5A00F091BA /* Base */,
			);
			name = Main.storyboard;
			sourceTree = "<group>";
		};
		E315C85829D10A5B00F091BA /* LaunchScreen.storyboard */ = {
			isa = PBXVariantGroup;
			children = (
				E315C85929D10A5B00F091BA /* Base */,
			);
			name = LaunchScreen.storyboard;
			sourceTree = "<group>";
		};
/* End PBXVariantGroup section */

/* Begin XCBuildConfiguration section */
		E315C85C29D10A5B00F091BA /* Debug */ = {
			isa = XCBuildConfiguration;
			buildSettings = {
				ALWAYS_SEARCH_USER_PATHS = NO;
				CLANG_ANALYZER_NONNULL = YES;
				CLANG_ANALYZER_NUMBER_OBJECT_CONVERSION = YES_AGGRESSIVE;
				CLANG_CXX_LANGUAGE_STANDARD = "gnu++20";
				CLANG_ENABLE_MODULES = YES;
				CLANG_ENABLE_OBJC_ARC = YES;
				CLANG_ENABLE_OBJC_WEAK = YES;
				CLANG_WARN_BLOCK_CAPTURE_AUTORELEASING = YES;
				CLANG_WARN_BOOL_CONVERSION = YES;
				CLANG_WARN_COMMA = YES;
				CLANG_WARN_CONSTANT_CONVERSION = YES;
				CLANG_WARN_DEPRECATED_OBJC_IMPLEMENTATIONS = YES;
				CLANG_WARN_DIRECT_OBJC_ISA_USAGE = YES_ERROR;
				CLANG_WARN_DOCUMENTATION_COMMENTS = YES;
				CLANG_WARN_EMPTY_BODY = YES;
				CLANG_WARN_ENUM_CONVERSION = YES;
				CLANG_WARN_INFINITE_RECURSION = YES;
				CLANG_WARN_INT_CONVERSION = YES;
				CLANG_WARN_NON_LITERAL_NULL_CONVERSION = YES;
				CLANG_WARN_OBJC_IMPLICIT_RETAIN_SELF = YES;
				CLANG_WARN_OBJC_LITERAL_CONVERSION = YES;
				CLANG_WARN_OBJC_ROOT_CLASS = YES_ERROR;
				CLANG_WARN_QUOTED_INCLUDE_IN_FRAMEWORK_HEADER = YES;
				CLANG_WARN_RANGE_LOOP_ANALYSIS = YES;
				CLANG_WARN_STRICT_PROTOTYPES = YES;
				CLANG_WARN_SUSPICIOUS_MOVE = YES;
				CLANG_WARN_UNGUARDED_AVAILABILITY = YES_AGGRESSIVE;
				CLANG_WARN_UNREACHABLE_CODE = YES;
				CLANG_WARN__DUPLICATE_METHOD_MATCH = YES;
				COPY_PHASE_STRIP = NO;
				DEBUG_INFORMATION_FORMAT = dwarf;
				ENABLE_STRICT_OBJC_MSGSEND = YES;
				ENABLE_TESTABILITY = YES;
				GCC_C_LANGUAGE_STANDARD = gnu11;
				GCC_DYNAMIC_NO_PIC = NO;
				GCC_NO_COMMON_BLOCKS = YES;
				GCC_OPTIMIZATION_LEVEL = 0;
				GCC_PREPROCESSOR_DEFINITIONS = (
					"DEBUG=1",
					"$(inherited)",
				);
				GCC_WARN_64_TO_32_BIT_CONVERSION = YES;
				GCC_WARN_ABOUT_RETURN_TYPE = YES_ERROR;
				GCC_WARN_UNDECLARED_SELECTOR = YES;
				GCC_WARN_UNINITIALIZED_AUTOS = YES_AGGRESSIVE;
				GCC_WARN_UNUSED_FUNCTION = YES;
				GCC_WARN_UNUSED_VARIABLE = YES;
				IPHONEOS_DEPLOYMENT_TARGET = 16.2;
				MTL_ENABLE_DEBUG_INFO = INCLUDE_SOURCE;
				MTL_FAST_MATH = YES;
				ONLY_ACTIVE_ARCH = YES;
				SDKROOT = iphoneos;
				SWIFT_ACTIVE_COMPILATION_CONDITIONS = DEBUG;
				SWIFT_OPTIMIZATION_LEVEL = "-Onone";
			};
			name = Debug;
		};
		E315C85D29D10A5B00F091BA /* Release */ = {
			isa = XCBuildConfiguration;
			buildSettings = {
				ALWAYS_SEARCH_USER_PATHS = NO;
				CLANG_ANALYZER_NONNULL = YES;
				CLANG_ANALYZER_NUMBER_OBJECT_CONVERSION = YES_AGGRESSIVE;
				CLANG_CXX_LANGUAGE_STANDARD = "gnu++20";
				CLANG_ENABLE_MODULES = YES;
				CLANG_ENABLE_OBJC_ARC = YES;
				CLANG_ENABLE_OBJC_WEAK = YES;
				CLANG_WARN_BLOCK_CAPTURE_AUTORELEASING = YES;
				CLANG_WARN_BOOL_CONVERSION = YES;
				CLANG_WARN_COMMA = YES;
				CLANG_WARN_CONSTANT_CONVERSION = YES;
				CLANG_WARN_DEPRECATED_OBJC_IMPLEMENTATIONS = YES;
				CLANG_WARN_DIRECT_OBJC_ISA_USAGE = YES_ERROR;
				CLANG_WARN_DOCUMENTATION_COMMENTS = YES;
				CLANG_WARN_EMPTY_BODY = YES;
				CLANG_WARN_ENUM_CONVERSION = YES;
				CLANG_WARN_INFINITE_RECURSION = YES;
				CLANG_WARN_INT_CONVERSION = YES;
				CLANG_WARN_NON_LITERAL_NULL_CONVERSION = YES;
				CLANG_WARN_OBJC_IMPLICIT_RETAIN_SELF = YES;
				CLANG_WARN_OBJC_LITERAL_CONVERSION = YES;
				CLANG_WARN_OBJC_ROOT_CLASS = YES_ERROR;
				CLANG_WARN_QUOTED_INCLUDE_IN_FRAMEWORK_HEADER = YES;
				CLANG_WARN_RANGE_LOOP_ANALYSIS = YES;
				CLANG_WARN_STRICT_PROTOTYPES = YES;
				CLANG_WARN_SUSPICIOUS_MOVE = YES;
				CLANG_WARN_UNGUARDED_AVAILABILITY = YES_AGGRESSIVE;
				CLANG_WARN_UNREACHABLE_CODE = YES;
				CLANG_WARN__DUPLICATE_METHOD_MATCH = YES;
				COPY_PHASE_STRIP = NO;
				DEBUG_INFORMATION_FORMAT = "dwarf-with-dsym";
				ENABLE_NS_ASSERTIONS = NO;
				ENABLE_STRICT_OBJC_MSGSEND = YES;
				GCC_C_LANGUAGE_STANDARD = gnu11;
				GCC_NO_COMMON_BLOCKS = YES;
				GCC_WARN_64_TO_32_BIT_CONVERSION = YES;
				GCC_WARN_ABOUT_RETURN_TYPE = YES_ERROR;
				GCC_WARN_UNDECLARED_SELECTOR = YES;
				GCC_WARN_UNINITIALIZED_AUTOS = YES_AGGRESSIVE;
				GCC_WARN_UNUSED_FUNCTION = YES;
				GCC_WARN_UNUSED_VARIABLE = YES;
				IPHONEOS_DEPLOYMENT_TARGET = 16.2;
				MTL_ENABLE_DEBUG_INFO = NO;
				MTL_FAST_MATH = YES;
				SDKROOT = iphoneos;
				SWIFT_COMPILATION_MODE = wholemodule;
				SWIFT_OPTIMIZATION_LEVEL = "-O";
				VALIDATE_PRODUCT = YES;
			};
			name = Release;
		};
		E315C85F29D10A5B00F091BA /* Debug */ = {
			isa = XCBuildConfiguration;
			buildSettings = {
				ASSETCATALOG_COMPILER_APPICON_NAME = AppIcon;
				ASSETCATALOG_COMPILER_GLOBAL_ACCENT_COLOR_NAME = AccentColor;
				CODE_SIGN_STYLE = Automatic;
				CURRENT_PROJECT_VERSION = 1;
				GENERATE_INFOPLIST_FILE = YES;
				INFOPLIST_FILE = "MAPD724-W2023-ICE8/Info.plist";
				INFOPLIST_KEY_UIApplicationSupportsIndirectInputEvents = YES;
				INFOPLIST_KEY_UILaunchStoryboardName = LaunchScreen;
				INFOPLIST_KEY_UIMainStoryboardFile = Main;
				INFOPLIST_KEY_UISupportedInterfaceOrientations_iPad = "UIInterfaceOrientationPortrait UIInterfaceOrientationPortraitUpsideDown UIInterfaceOrientationLandscapeLeft UIInterfaceOrientationLandscapeRight";
				INFOPLIST_KEY_UISupportedInterfaceOrientations_iPhone = "UIInterfaceOrientationPortrait UIInterfaceOrientationLandscapeLeft UIInterfaceOrientationLandscapeRight";
				LD_RUNPATH_SEARCH_PATHS = (
					"$(inherited)",
					"@executable_path/Frameworks",
				);
				MARKETING_VERSION = 1.0;
				PRODUCT_BUNDLE_IDENTIFIER = "CentennialCollege.MAPD724-W2023-ICE8";
				PRODUCT_NAME = "$(TARGET_NAME)";
				SWIFT_EMIT_LOC_STRINGS = YES;
				SWIFT_VERSION = 5.0;
				TARGETED_DEVICE_FAMILY = "1,2";
			};
			name = Debug;
		};
		E315C86029D10A5B00F091BA /* Release */ = {
			isa = XCBuildConfiguration;
			buildSettings = {
				ASSETCATALOG_COMPILER_APPICON_NAME = AppIcon;
				ASSETCATALOG_COMPILER_GLOBAL_ACCENT_COLOR_NAME = AccentColor;
				CODE_SIGN_STYLE = Automatic;
				CURRENT_PROJECT_VERSION = 1;
				GENERATE_INFOPLIST_FILE = YES;
				INFOPLIST_FILE = "MAPD724-W2023-ICE8/Info.plist";
				INFOPLIST_KEY_UIApplicationSupportsIndirectInputEvents = YES;
				INFOPLIST_KEY_UILaunchStoryboardName = LaunchScreen;
				INFOPLIST_KEY_UIMainStoryboardFile = Main;
				INFOPLIST_KEY_UISupportedInterfaceOrientations_iPad = "UIInterfaceOrientationPortrait UIInterfaceOrientationPortraitUpsideDown UIInterfaceOrientationLandscapeLeft UIInterfaceOrientationLandscapeRight";
				INFOPLIST_KEY_UISupportedInterfaceOrientations_iPhone = "UIInterfaceOrientationPortrait UIInterfaceOrientationLandscapeLeft UIInterfaceOrientationLandscapeRight";
				LD_RUNPATH_SEARCH_PATHS = (
					"$(inherited)",
					"@executable_path/Frameworks",
				);
				MARKETING_VERSION = 1.0;
				PRODUCT_BUNDLE_IDENTIFIER = "CentennialCollege.MAPD724-W2023-ICE8";
				PRODUCT_NAME = "$(TARGET_NAME)";
				SWIFT_EMIT_LOC_STRINGS = YES;
				SWIFT_VERSION = 5.0;
				TARGETED_DEVICE_FAMILY = "1,2";
			};
			name = Release;
		};
/* End XCBuildConfiguration section */

/* Begin XCConfigurationList section */
		E315C84229D10A5A00F091BA /* Build configuration list for PBXProject "MAPD724-W2023-ICE8" */ = {
			isa = XCConfigurationList;
			buildConfigurations = (
				E315C85C29D10A5B00F091BA /* Debug */,
				E315C85D29D10A5B00F091BA /* Release */,
			);
			defaultConfigurationIsVisible = 0;
			defaultConfigurationName = Release;
		};
		E315C85E29D10A5B00F091BA /* Build configuration list for PBXNativeTarget "MAPD724-W2023-ICE8" */ = {
			isa = XCConfigurationList;
			buildConfigurations = (
				E315C85F29D10A5B00F091BA /* Debug */,
				E315C86029D10A5B00F091BA /* Release */,
			);
			defaultConfigurationIsVisible = 0;
			defaultConfigurationName = Release;
		};
/* End XCConfigurationList section */

/* Begin XCVersionGroup section */
		E315C85329D10A5A00F091BA /* MAPD724_W2023_ICE8.xcdatamodeld */ = {
			isa = XCVersionGroup;
			children = (
				E315C85429D10A5A00F091BA /* MAPD724_W2023_ICE8.xcdatamodel */,
			);
			currentVersion = E315C85429D10A5A00F091BA /* MAPD724_W2023_ICE8.xcdatamodel */;
			path = MAPD724_W2023_ICE8.xcdatamodeld;
			sourceTree = "<group>";
			versionGroupType = wrapper.xcdatamodel;
		};
/* End XCVersionGroup section */
	};
	rootObject = E315C83F29D10A5A00F091BA /* Project object */;
}
